
Microsoft Visual Studio Solution File, Format Version 12.00
# Visual Studio Version 17
VisualStudioVersion = 17.1.32228.430
MinimumVisualStudioVersion = 10.0.40219.1
Project("{FAE04EC0-301F-11D3-BF4B-00C04F79EFBC}") = "Arrays", "Arrays\Arrays.csproj", "{AB8D559F-7820-4353-AE86-1F7882DDFE8B}"
EndProject
Global
	GlobalSection(SolutionConfigurationPlatforms) = preSolution
		Debug|Any CPU = Debug|Any CPU
		Release|Any CPU = Release|Any CPU
	EndGlobalSection
	GlobalSection(ProjectConfigurationPlatforms) = postSolution
		{AB8D559F-7820-4353-AE86-1F7882DDFE8B}.Debug|Any CPU.ActiveCfg = Debug|Any CPU
		{AB8D559F-7820-4353-AE86-1F7882DDFE8B}.Debug|Any CPU.Build.0 = Debug|Any CPU
		{AB8D559F-7820-4353-AE86-1F7882DDFE8B}.Release|Any CPU.ActiveCfg = Release|Any CPU
		{AB8D559F-7820-4353-AE86-1F7882DDFE8B}.Release|Any CPU.Build.0 = Release|Any CPU
	EndGlobalSection
	GlobalSection(SolutionProperties) = preSolution
		HideSolutionNode = FALSE
	EndGlobalSection
	GlobalSection(ExtensibilityGlobals) = postSolution
		SolutionGuid = {6DC8EF89-2C3E-41D0-8789-4B6E507918D1}
	EndGlobalSection
EndGlobal
